PODS:
  - AnalysysAgent (4.4.5)
  - argo_flutter_plugin (1.0.0):
    - AnalysysAgent (~> 4.4.5)
    - Flutter
  - Flutter (1.0.0)

DEPENDENCIES:
  - argo_flutter_plugin (from `.symlinks/plugins/argo_flutter_plugin/ios`)
  - Flutter (from `Flutter`)

SPEC REPOS:
  trunk:
    - AnalysysAgent

EXTERNAL SOURCES:
  argo_flutter_plugin:
    :path: ".symlinks/plugins/argo_flutter_plugin/ios"
  Flutter:
    :path: Flutter

SPEC CHECKSUMS:
  AnalysysAgent: 13050681c00f1674f467306d7be67b6039018db5
  argo_flutter_plugin: 22d4d473bb228762822ffda270b14a55ad3f1ee8
  Flutter: 0e3d915762c693b495b44d77113d4970485de6ec

PODFILE CHECKSUM: 3dbe063e9c90a5d7c9e4e76e70a821b9e2c1d271

COCOAPODS: 1.8.4
